// !$*UTF8*$!
{
	archiveVersion = 1;
	classes = {
	};
	objectVersion = 56;
	objects = {

/* Begin PBXBuildFile section */
		4305264229C4F0E80019BBBD /* TasksListApp.swift in Sources */ = {isa = PBXBuildFile; fileRef = 4305264129C4F0E80019BBBD /* TasksListApp.swift */; };
		4305264429C4F0E80019BBBD /* ContentView.swift in Sources */ = {isa = PBXBuildFile; fileRef = 4305264329C4F0E80019BBBD /* ContentView.swift */; };
		4305264629C4F0E90019BBBD /* Assets.xcassets in Resources */ = {isa = PBXBuildFile; fileRef = 4305264529C4F0E90019BBBD /* Assets.xcassets */; };
		4305264929C4F0E90019BBBD /* Preview Assets.xcassets in Resources */ = {isa = PBXBuildFile; fileRef = 4305264829C4F0E90019BBBD /* Preview Assets.xcassets */; };
		4305264B29C4F0E90019BBBD /* Persistence.swift in Sources */ = {isa = PBXBuildFile; fileRef = 4305264A29C4F0E90019BBBD /* Persistence.swift */; };
		4305264E29C4F0E90019BBBD /* TasksList.xcdatamodeld in Sources */ = {isa = PBXBuildFile; fileRef = 4305264C29C4F0E90019BBBD /* TasksList.xcdatamodeld */; };
		4305265629C4F2F00019BBBD /* Sound in Resources */ = {isa = PBXBuildFile; fileRef = 4305265529C4F2EF0019BBBD /* Sound */; };
/* End PBXBuildFile section */

/* Begin PBXFileReference section */
		4305263E29C4F0E80019BBBD /* TasksList.app */ = {isa = PBXFileReference; explicitFileType = wrapper.application; includeInIndex = 0; path = TasksList.app; sourceTree = BUILT_PRODUCTS_DIR; };
		4305264129C4F0E80019BBBD /* TasksListApp.swift */ = {isa = PBXFileReference; lastKnownFileType = sourcecode.swift; path = TasksListApp.swift; sourceTree = "<group>"; };
		4305264329C4F0E80019BBBD /* ContentView.swift */ = {isa = PBXFileReference; lastKnownFileType = sourcecode.swift; path = ContentView.swift; sourceTree = "<group>"; };
		4305264529C4F0E90019BBBD /* Assets.xcassets */ = {isa = PBXFileReference; lastKnownFileType = folder.assetcatalog; path = Assets.xcassets; sourceTree = "<group>"; };
		4305264829C4F0E90019BBBD /* Preview Assets.xcassets */ = {isa = PBXFileReference; lastKnownFileType = folder.assetcatalog; path = "Preview Assets.xcassets"; sourceTree = "<group>"; };
		4305264A29C4F0E90019BBBD /* Persistence.swift */ = {isa = PBXFileReference; lastKnownFileType = sourcecode.swift; path = Persistence.swift; sourceTree = "<group>"; };
		4305264D29C4F0E90019BBBD /* TasksList.xcdatamodel */ = {isa = PBXFileReference; lastKnownFileType = wrapper.xcdatamodel; path = TasksList.xcdatamodel; sourceTree = "<group>"; };
		4305265529C4F2EF0019BBBD /* Sound */ = {isa = PBXFileReference; lastKnownFileType = folder; path = Sound; sourceTree = "<group>"; };
		4305265B29C5AB7A0019BBBD /* Info.plist */ = {isa = PBXFileReference; lastKnownFileType = text.plist; path = Info.plist; sourceTree = "<group>"; };
/* End PBXFileReference section */

/* Begin PBXFrameworksBuildPhase section */
		4305263B29C4F0E80019BBBD /* Frameworks */ = {
			isa = PBXFrameworksBuildPhase;
			buildActionMask = 2147483647;
			files = (
			);
			runOnlyForDeploymentPostprocessing = 0;
		};
/* End PBXFrameworksBuildPhase section */

/* Begin PBXGroup section */
		4305263529C4F0E80019BBBD = {
			isa = PBXGroup;
			children = (
				4305264029C4F0E80019BBBD /* TasksList */,
				4305263F29C4F0E80019BBBD /* Products */,
			);
			sourceTree = "<group>";
		};
		4305263F29C4F0E80019BBBD /* Products */ = {
			isa = PBXGroup;
			children = (
				4305263E29C4F0E80019BBBD /* TasksList.app */,
			);
			name = Products;
			sourceTree = "<group>";
		};
		4305264029C4F0E80019BBBD /* TasksList */ = {
			isa = PBXGroup;
			children = (
				4305265B29C5AB7A0019BBBD /* Info.plist */,
				4305264129C4F0E80019BBBD /* TasksListApp.swift */,
				4305264529C4F0E90019BBBD /* Assets.xcassets */,
				4305265929C5AACB0019BBBD /* Utils */,
				4305265829C5AAC30019BBBD /* Extensions */,
				4305265429C4F2DA0019BBBD /* Resources */,
				4305265729C5AAB70019BBBD /* Screens */,
				4305265A29C5AB500019BBBD /* Model */,
				4305264729C4F0E90019BBBD /* Preview Content */,
			);
			path = TasksList;
			sourceTree = "<group>";
		};
		4305264729C4F0E90019BBBD /* Preview Content */ = {
			isa = PBXGroup;
			children = (
				4305264829C4F0E90019BBBD /* Preview Assets.xcassets */,
			);
			path = "Preview Content";
			sourceTree = "<group>";
		};
		4305265429C4F2DA0019BBBD /* Resources */ = {
			isa = PBXGroup;
			children = (
				4305265529C4F2EF0019BBBD /* Sound */,
			);
			path = Resources;
			sourceTree = "<group>";
		};
		4305265729C5AAB70019BBBD /* Screens */ = {
			isa = PBXGroup;
			children = (
				4305264329C4F0E80019BBBD /* ContentView.swift */,
			);
			path = Screens;
			sourceTree = "<group>";
		};
		4305265829C5AAC30019BBBD /* Extensions */ = {
			isa = PBXGroup;
			children = (
			);
			path = Extensions;
			sourceTree = "<group>";
		};
		4305265929C5AACB0019BBBD /* Utils */ = {
			isa = PBXGroup;
			children = (
			);
			path = Utils;
			sourceTree = "<group>";
		};
		4305265A29C5AB500019BBBD /* Model */ = {
			isa = PBXGroup;
			children = (
				4305264A29C4F0E90019BBBD /* Persistence.swift */,
				4305264C29C4F0E90019BBBD /* TasksList.xcdatamodeld */,
			);
			path = Model;
			sourceTree = "<group>";
		};
/* End PBXGroup section */

/* Begin PBXNativeTarget section */
		4305263D29C4F0E80019BBBD /* TasksList */ = {
			isa = PBXNativeTarget;
			buildConfigurationList = 4305265129C4F0E90019BBBD /* Build configuration list for PBXNativeTarget "TasksList" */;
			buildPhases = (
				4305263A29C4F0E80019BBBD /* Sources */,
				4305263B29C4F0E80019BBBD /* Frameworks */,
				4305263C29C4F0E80019BBBD /* Resources */,
			);
			buildRules = (
			);
			dependencies = (
			);
			name = TasksList;
			productName = TasksList;
			productReference = 4305263E29C4F0E80019BBBD /* TasksList.app */;
			productType = "com.apple.product-type.application";
		};
/* End PBXNativeTarget section */

/* Begin PBXProject section */
		4305263629C4F0E80019BBBD /* Project object */ = {
			isa = PBXProject;
			attributes = {
				BuildIndependentTargetsInParallel = 1;
				LastSwiftUpdateCheck = 1420;
				LastUpgradeCheck = 1420;
				TargetAttributes = {
					4305263D29C4F0E80019BBBD = {
						CreatedOnToolsVersion = 14.2;
					};
				};
			};
			buildConfigurationList = 4305263929C4F0E80019BBBD /* Build configuration list for PBXProject "TasksList" */;
			compatibilityVersion = "Xcode 14.0";
			developmentRegion = en;
			hasScannedForEncodings = 0;
			knownRegions = (
				en,
				Base,
			);
			mainGroup = 4305263529C4F0E80019BBBD;
			productRefGroup = 4305263F29C4F0E80019BBBD /* Products */;
			projectDirPath = "";
			projectRoot = "";
			targets = (
				4305263D29C4F0E80019BBBD /* TasksList */,
			);
		};
/* End PBXProject section */

/* Begin PBXResourcesBuildPhase section */
		4305263C29C4F0E80019BBBD /* Resources */ = {
			isa = PBXResourcesBuildPhase;
			buildActionMask = 2147483647;
			files = (
				4305265629C4F2F00019BBBD /* Sound in Resources */,
				4305264929C4F0E90019BBBD /* Preview Assets.xcassets in Resources */,
				4305264629C4F0E90019BBBD /* Assets.xcassets in Resources */,
			);
			runOnlyForDeploymentPostprocessing = 0;
		};
/* End PBXResourcesBuildPhase section */

/* Begin PBXSourcesBuildPhase section */
		4305263A29C4F0E80019BBBD /* Sources */ = {
			isa = PBXSourcesBuildPhase;
			buildActionMask = 2147483647;
			files = (
				4305264E29C4F0E90019BBBD /* TasksList.xcdatamodeld in Sources */,
				4305264B29C4F0E90019BBBD /* Persistence.swift in Sources */,
				4305264429C4F0E80019BBBD /* ContentView.swift in Sources */,
				4305264229C4F0E80019BBBD /* TasksListApp.swift in Sources */,
			);
			runOnlyForDeploymentPostprocessing = 0;
		};
/* End PBXSourcesBuildPhase section */

/* Begin XCBuildConfiguration section */
		4305264F29C4F0E90019BBBD /* Debug */ = {
			isa = XCBuildConfiguration;
			buildSettings = {
				ALWAYS_SEARCH_USER_PATHS = NO;
				CLANG_ANALYZER_NONNULL = YES;
				CLANG_ANALYZER_NUMBER_OBJECT_CONVERSION = YES_AGGRESSIVE;
				CLANG_CXX_LANGUAGE_STANDARD = "gnu++20";
				CLANG_ENABLE_MODULES = YES;
				CLANG_ENABLE_OBJC_ARC = YES;
				CLANG_ENABLE_OBJC_WEAK = YES;
				CLANG_WARN_BLOCK_CAPTURE_AUTORELEASING = YES;
				CLANG_WARN_BOOL_CONVERSION = YES;
				CLANG_WARN_COMMA = YES;
				CLANG_WARN_CONSTANT_CONVERSION = YES;
				CLANG_WARN_DEPRECATED_OBJC_IMPLEMENTATIONS = YES;
				CLANG_WARN_DIRECT_OBJC_ISA_USAGE = YES_ERROR;
				CLANG_WARN_DOCUMENTATION_COMMENTS = YES;
				CLANG_WARN_EMPTY_BODY = YES;
				CLANG_WARN_ENUM_CONVERSION = YES;
				CLANG_WARN_INFINITE_RECURSION = YES;
				CLANG_WARN_INT_CONVERSION = YES;
				CLANG_WARN_NON_LITERAL_NULL_CONVERSION = YES;
				CLANG_WARN_OBJC_IMPLICIT_RETAIN_SELF = YES;
				CLANG_WARN_OBJC_LITERAL_CONVERSION = YES;
				CLANG_WARN_OBJC_ROOT_CLASS = YES_ERROR;
				CLANG_WARN_QUOTED_INCLUDE_IN_FRAMEWORK_HEADER = YES;
				CLANG_WARN_RANGE_LOOP_ANALYSIS = YES;
				CLANG_WARN_STRICT_PROTOTYPES = YES;
				CLANG_WARN_SUSPICIOUS_MOVE = YES;
				CLANG_WARN_UNGUARDED_AVAILABILITY = YES_AGGRESSIVE;
				CLANG_WARN_UNREACHABLE_CODE = YES;
				CLANG_WARN__DUPLICATE_METHOD_MATCH = YES;
				COPY_PHASE_STRIP = NO;
				DEBUG_INFORMATION_FORMAT = dwarf;
				ENABLE_STRICT_OBJC_MSGSEND = YES;
				ENABLE_TESTABILITY = YES;
				GCC_C_LANGUAGE_STANDARD = gnu11;
				GCC_DYNAMIC_NO_PIC = NO;
				GCC_NO_COMMON_BLOCKS = YES;
				GCC_OPTIMIZATION_LEVEL = 0;
				GCC_PREPROCESSOR_DEFINITIONS = (
					"DEBUG=1",
					"$(inherited)",
				);
				GCC_WARN_64_TO_32_BIT_CONVERSION = YES;
				GCC_WARN_ABOUT_RETURN_TYPE = YES_ERROR;
				GCC_WARN_UNDECLARED_SELECTOR = YES;
				GCC_WARN_UNINITIALIZED_AUTOS = YES_AGGRESSIVE;
				GCC_WARN_UNUSED_FUNCTION = YES;
				GCC_WARN_UNUSED_VARIABLE = YES;
				IPHONEOS_DEPLOYMENT_TARGET = 16.2;
				MTL_ENABLE_DEBUG_INFO = INCLUDE_SOURCE;
				MTL_FAST_MATH = YES;
				ONLY_ACTIVE_ARCH = YES;
				SDKROOT = iphoneos;
				SWIFT_ACTIVE_COMPILATION_CONDITIONS = DEBUG;
				SWIFT_OPTIMIZATION_LEVEL = "-Onone";
			};
			name = Debug;
		};
		4305265029C4F0E90019BBBD /* Release */ = {
			isa = XCBuildConfiguration;
			buildSettings = {
				ALWAYS_SEARCH_USER_PATHS = NO;
				CLANG_ANALYZER_NONNULL = YES;
				CLANG_ANALYZER_NUMBER_OBJECT_CONVERSION = YES_AGGRESSIVE;
				CLANG_CXX_LANGUAGE_STANDARD = "gnu++20";
				CLANG_ENABLE_MODULES = YES;
				CLANG_ENABLE_OBJC_ARC = YES;
				CLANG_ENABLE_OBJC_WEAK = YES;
				CLANG_WARN_BLOCK_CAPTURE_AUTORELEASING = YES;
				CLANG_WARN_BOOL_CONVERSION = YES;
				CLANG_WARN_COMMA = YES;
				CLANG_WARN_CONSTANT_CONVERSION = YES;
				CLANG_WARN_DEPRECATED_OBJC_IMPLEMENTATIONS = YES;
				CLANG_WARN_DIRECT_OBJC_ISA_USAGE = YES_ERROR;
				CLANG_WARN_DOCUMENTATION_COMMENTS = YES;
				CLANG_WARN_EMPTY_BODY = YES;
				CLANG_WARN_ENUM_CONVERSION = YES;
				CLANG_WARN_INFINITE_RECURSION = YES;
				CLANG_WARN_INT_CONVERSION = YES;
				CLANG_WARN_NON_LITERAL_NULL_CONVERSION = YES;
				CLANG_WARN_OBJC_IMPLICIT_RETAIN_SELF = YES;
				CLANG_WARN_OBJC_LITERAL_CONVERSION = YES;
				CLANG_WARN_OBJC_ROOT_CLASS = YES_ERROR;
				CLANG_WARN_QUOTED_INCLUDE_IN_FRAMEWORK_HEADER = YES;
				CLANG_WARN_RANGE_LOOP_ANALYSIS = YES;
				CLANG_WARN_STRICT_PROTOTYPES = YES;
				CLANG_WARN_SUSPICIOUS_MOVE = YES;
				CLANG_WARN_UNGUARDED_AVAILABILITY = YES_AGGRESSIVE;
				CLANG_WARN_UNREACHABLE_CODE = YES;
				CLANG_WARN__DUPLICATE_METHOD_MATCH = YES;
				COPY_PHASE_STRIP = NO;
				DEBUG_INFORMATION_FORMAT = "dwarf-with-dsym";
				ENABLE_NS_ASSERTIONS = NO;
				ENABLE_STRICT_OBJC_MSGSEND = YES;
				GCC_C_LANGUAGE_STANDARD = gnu11;
				GCC_NO_COMMON_BLOCKS = YES;
				GCC_WARN_64_TO_32_BIT_CONVERSION = YES;
				GCC_WARN_ABOUT_RETURN_TYPE = YES_ERROR;
				GCC_WARN_UNDECLARED_SELECTOR = YES;
				GCC_WARN_UNINITIALIZED_AUTOS = YES_AGGRESSIVE;
				GCC_WARN_UNUSED_FUNCTION = YES;
				GCC_WARN_UNUSED_VARIABLE = YES;
				IPHONEOS_DEPLOYMENT_TARGET = 16.2;
				MTL_ENABLE_DEBUG_INFO = NO;
				MTL_FAST_MATH = YES;
				SDKROOT = iphoneos;
				SWIFT_COMPILATION_MODE = wholemodule;
				SWIFT_OPTIMIZATION_LEVEL = "-O";
				VALIDATE_PRODUCT = YES;
			};
			name = Release;
		};
		4305265229C4F0E90019BBBD /* Debug */ = {
			isa = XCBuildConfiguration;
			buildSettings = {
				ASSETCATALOG_COMPILER_APPICON_NAME = AppIcon;
				ASSETCATALOG_COMPILER_GLOBAL_ACCENT_COLOR_NAME = AccentColor;
				CODE_SIGN_STYLE = Automatic;
				CURRENT_PROJECT_VERSION = 1;
				DEVELOPMENT_ASSET_PATHS = "\"TasksList/Preview Content\"";
				DEVELOPMENT_TEAM = 346FGQ8ZC8;
				ENABLE_PREVIEWS = YES;
				GENERATE_INFOPLIST_FILE = YES;
				INFOPLIST_FILE = TasksList/Info.plist;
				INFOPLIST_KEY_UIApplicationSceneManifest_Generation = YES;
				INFOPLIST_KEY_UIApplicationSupportsIndirectInputEvents = YES;
				INFOPLIST_KEY_UISupportedInterfaceOrientations = UIInterfaceOrientationPortrait;
				LD_RUNPATH_SEARCH_PATHS = (
					"$(inherited)",
					"@executable_path/Frameworks",
				);
				MARKETING_VERSION = 1.0;
				PRODUCT_BUNDLE_IDENTIFIER = com.noamkurtzer.TasksList;
				PRODUCT_NAME = "$(TARGET_NAME)";
				SWIFT_EMIT_LOC_STRINGS = YES;
				SWIFT_VERSION = 5.0;
				TARGETED_DEVICE_FAMILY = "1,2";
			};
			name = Debug;
		};
		4305265329C4F0E90019BBBD /* Release */ = {
			isa = XCBuildConfiguration;
			buildSettings = {
				ASSETCATALOG_COMPILER_APPICON_NAME = AppIcon;
				ASSETCATALOG_COMPILER_GLOBAL_ACCENT_COLOR_NAME = AccentColor;
				CODE_SIGN_STYLE = Automatic;
				CURRENT_PROJECT_VERSION = 1;
				DEVELOPMENT_ASSET_PATHS = "\"TasksList/Preview Content\"";
				DEVELOPMENT_TEAM = 346FGQ8ZC8;
				ENABLE_PREVIEWS = YES;
				GENERATE_INFOPLIST_FILE = YES;
				INFOPLIST_FILE = TasksList/Info.plist;
				INFOPLIST_KEY_UIApplicationSceneManifest_Generation = YES;
				INFOPLIST_KEY_UIApplicationSupportsIndirectInputEvents = YES;
				INFOPLIST_KEY_UISupportedInterfaceOrientations = UIInterfaceOrientationPortrait;
				LD_RUNPATH_SEARCH_PATHS = (
					"$(inherited)",
					"@executable_path/Frameworks",
				);
				MARKETING_VERSION = 1.0;
				PRODUCT_BUNDLE_IDENTIFIER = com.noamkurtzer.TasksList;
				PRODUCT_NAME = "$(TARGET_NAME)";
				SWIFT_EMIT_LOC_STRINGS = YES;
				SWIFT_VERSION = 5.0;
				TARGETED_DEVICE_FAMILY = "1,2";
			};
			name = Release;
		};
/* End XCBuildConfiguration section */

/* Begin XCConfigurationList section */
		4305263929C4F0E80019BBBD /* Build configuration list for PBXProject "TasksList" */ = {
			isa = XCConfigurationList;
			buildConfigurations = (
				4305264F29C4F0E90019BBBD /* Debug */,
				4305265029C4F0E90019BBBD /* Release */,
			);
			defaultConfigurationIsVisible = 0;
			defaultConfigurationName = Release;
		};
		4305265129C4F0E90019BBBD /* Build configuration list for PBXNativeTarget "TasksList" */ = {
			isa = XCConfigurationList;
			buildConfigurations = (
				4305265229C4F0E90019BBBD /* Debug */,
				4305265329C4F0E90019BBBD /* Release */,
			);
			defaultConfigurationIsVisible = 0;
			defaultConfigurationName = Release;
		};
/* End XCConfigurationList section */

/* Begin XCVersionGroup section */
		4305264C29C4F0E90019BBBD /* TasksList.xcdatamodeld */ = {
			isa = XCVersionGroup;
			children = (
				4305264D29C4F0E90019BBBD /* TasksList.xcdatamodel */,
			);
			currentVersion = 4305264D29C4F0E90019BBBD /* TasksList.xcdatamodel */;
			path = TasksList.xcdatamodeld;
			sourceTree = "<group>";
			versionGroupType = wrapper.xcdatamodel;
		};
/* End XCVersionGroup section */
	};
	rootObject = 4305263629C4F0E80019BBBD /* Project object */;
}
